
Microsoft Visual Studio Solution File, Format Version 12.00
# Visual Studio Version 17
VisualStudioVersion = 17.0.31903.59
MinimumVisualStudioVersion = 10.0.40219.1
Project("{FAE04EC0-301F-11D3-BF4B-00C04F79EFBC}") = "APIExpenseShare", "APIExpenseShare\APIExpenseShare.csproj", "{55B4AF95-1100-4111-ABC3-27A88B913C9D}"
EndProject
Global
	GlobalSection(SolutionConfigurationPlatforms) = preSolution
		Debug|Any CPU = Debug|Any CPU
		Release|Any CPU = Release|Any CPU
	EndGlobalSection
	GlobalSection(SolutionProperties) = preSolution
		HideSolutionNode = FALSE
	EndGlobalSection
	GlobalSection(ProjectConfigurationPlatforms) = postSolution
		{55B4AF95-1100-4111-ABC3-27A88B913C9D}.Debug|Any CPU.ActiveCfg = Debug|Any CPU
		{55B4AF95-1100-4111-ABC3-27A88B913C9D}.Debug|Any CPU.Build.0 = Debug|Any CPU
		{55B4AF95-1100-4111-ABC3-27A88B913C9D}.Release|Any CPU.ActiveCfg = Release|Any CPU
		{55B4AF95-1100-4111-ABC3-27A88B913C9D}.Release|Any CPU.Build.0 = Release|Any CPU
	EndGlobalSection
EndGlobal
